
Microsoft Visual Studio Solution File, Format Version 12.00
# Visual Studio Version 17
VisualStudioVersion = 17.10.34928.147
MinimumVisualStudioVersion = 10.0.40219.1
Project("{8BC9CEB8-8B4A-11D0-8D11-00A0C91BC942}") = "Chuoi", "Chuoi.vcxproj", "{C5CABC76-3B6A-4113-B959-50EF39D3840F}"
EndProject
Global
	GlobalSection(SolutionConfigurationPlatforms) = preSolution
		Debug|x64 = Debug|x64
		Debug|x86 = Debug|x86
		Release|x64 = Release|x64
		Release|x86 = Release|x86
	EndGlobalSection
	GlobalSection(ProjectConfigurationPlatforms) = postSolution
		{C5CABC76-3B6A-4113-B959-50EF39D3840F}.Debug|x64.ActiveCfg = Debug|x64
		{C5CABC76-3B6A-4113-B959-50EF39D3840F}.Debug|x64.Build.0 = Debug|x64
		{C5CABC76-3B6A-4113-B959-50EF39D3840F}.Debug|x86.ActiveCfg = Debug|Win32
		{C5CABC76-3B6A-4113-B959-50EF39D3840F}.Debug|x86.Build.0 = Debug|Win32
		{C5CABC76-3B6A-4113-B959-50EF39D3840F}.Release|x64.ActiveCfg = Release|x64
		{C5CABC76-3B6A-4113-B959-50EF39D3840F}.Release|x64.Build.0 = Release|x64
		{C5CABC76-3B6A-4113-B959-50EF39D3840F}.Release|x86.ActiveCfg = Release|Win32
		{C5CABC76-3B6A-4113-B959-50EF39D3840F}.Release|x86.Build.0 = Release|Win32
	EndGlobalSection
	GlobalSection(SolutionProperties) = preSolution
		HideSolutionNode = FALSE
	EndGlobalSection
	GlobalSection(ExtensibilityGlobals) = postSolution
		SolutionGuid = {5EBAFFC3-6223-4D83-B8DD-9034D5D31952}
	EndGlobalSection
EndGlobal
